
Microsoft Visual Studio Solution File, Format Version 12.00
# Visual Studio Version 17
VisualStudioVersion = 17.9.34723.18
MinimumVisualStudioVersion = 10.0.40219.1
Project("{9A19103F-16F7-4668-BE54-9A1E7A4F7556}") = "SchoolSchedule.Server", "SchoolSchedule.Server\SchoolSchedule.Server.csproj", "{EDEA4ACC-AD8A-4F3F-A7C9-499B9940DC6D}"
EndProject
Project("{54A90642-561A-4BB1-A94E-469ADEE60C69}") = "schoolschedule.client", "schoolschedule.client\schoolschedule.client.esproj", "{4B9A0FA6-D750-4298-BB05-ECF9176AAA48}"
EndProject
Global
	GlobalSection(SolutionConfigurationPlatforms) = preSolution
		Debug|Any CPU = Debug|Any CPU
		Release|Any CPU = Release|Any CPU
	EndGlobalSection
	GlobalSection(ProjectConfigurationPlatforms) = postSolution
		{EDEA4ACC-AD8A-4F3F-A7C9-499B9940DC6D}.Debug|Any CPU.ActiveCfg = Debug|Any CPU
		{EDEA4ACC-AD8A-4F3F-A7C9-499B9940DC6D}.Debug|Any CPU.Build.0 = Debug|Any CPU
		{EDEA4ACC-AD8A-4F3F-A7C9-499B9940DC6D}.Release|Any CPU.ActiveCfg = Release|Any CPU
		{EDEA4ACC-AD8A-4F3F-A7C9-499B9940DC6D}.Release|Any CPU.Build.0 = Release|Any CPU
		{4B9A0FA6-D750-4298-BB05-ECF9176AAA48}.Debug|Any CPU.ActiveCfg = Debug|Any CPU
		{4B9A0FA6-D750-4298-BB05-ECF9176AAA48}.Debug|Any CPU.Deploy.0 = Debug|Any CPU
		{4B9A0FA6-D750-4298-BB05-ECF9176AAA48}.Release|Any CPU.ActiveCfg = Release|Any CPU
		{4B9A0FA6-D750-4298-BB05-ECF9176AAA48}.Release|Any CPU.Build.0 = Release|Any CPU
		{4B9A0FA6-D750-4298-BB05-ECF9176AAA48}.Release|Any CPU.Deploy.0 = Release|Any CPU
	EndGlobalSection
	GlobalSection(SolutionProperties) = preSolution
		HideSolutionNode = FALSE
	EndGlobalSection
	GlobalSection(ExtensibilityGlobals) = postSolution
		SolutionGuid = {CE024C4B-3F46-4CEE-B2CC-2268CDA4AD3A}
	EndGlobalSection
EndGlobal
